
Microsoft Visual Studio Solution File, Format Version 12.00
# Visual Studio Version 16
VisualStudioVersion = 16.0.31605.320
MinimumVisualStudioVersion = 10.0.40219.1
Project("{9A19103F-16F7-4668-BE54-9A1E7A4F7556}") = "HotelFinder.Entities", "HotelFinder.Entities\HotelFinder.Entities.csproj", "{04119900-C52F-4200-9531-8CB8EB993E5E}"
EndProject
Project("{9A19103F-16F7-4668-BE54-9A1E7A4F7556}") = "HotelFinder.DataAccess", "HotelFinder.DataAccess\HotelFinder.DataAccess.csproj", "{7AD689EC-30E2-4629-A7C1-392BF99A653F}"
EndProject
Project("{FAE04EC0-301F-11D3-BF4B-00C04F79EFBC}") = "HotelFinder.Business", "HotelFinder.Business\HotelFinder.Business.csproj", "{BA4C455F-E3AF-4AF7-913F-FADA38DCA67D}"
EndProject
Project("{FAE04EC0-301F-11D3-BF4B-00C04F79EFBC}") = "HotelFinder.API", "HotelFinder.API\HotelFinder.API.csproj", "{72323180-CF36-49B4-8664-41580D21B7F6}"
EndProject
Global
	GlobalSection(SolutionConfigurationPlatforms) = preSolution
		Debug|Any CPU = Debug|Any CPU
		Release|Any CPU = Release|Any CPU
	EndGlobalSection
	GlobalSection(ProjectConfigurationPlatforms) = postSolution
		{04119900-C52F-4200-9531-8CB8EB993E5E}.Debug|Any CPU.ActiveCfg = Debug|Any CPU
		{04119900-C52F-4200-9531-8CB8EB993E5E}.Debug|Any CPU.Build.0 = Debug|Any CPU
		{04119900-C52F-4200-9531-8CB8EB993E5E}.Release|Any CPU.ActiveCfg = Release|Any CPU
		{04119900-C52F-4200-9531-8CB8EB993E5E}.Release|Any CPU.Build.0 = Release|Any CPU
		{7AD689EC-30E2-4629-A7C1-392BF99A653F}.Debug|Any CPU.ActiveCfg = Debug|Any CPU
		{7AD689EC-30E2-4629-A7C1-392BF99A653F}.Debug|Any CPU.Build.0 = Debug|Any CPU
		{7AD689EC-30E2-4629-A7C1-392BF99A653F}.Release|Any CPU.ActiveCfg = Release|Any CPU
		{7AD689EC-30E2-4629-A7C1-392BF99A653F}.Release|Any CPU.Build.0 = Release|Any CPU
		{BA4C455F-E3AF-4AF7-913F-FADA38DCA67D}.Debug|Any CPU.ActiveCfg = Debug|Any CPU
		{BA4C455F-E3AF-4AF7-913F-FADA38DCA67D}.Debug|Any CPU.Build.0 = Debug|Any CPU
		{BA4C455F-E3AF-4AF7-913F-FADA38DCA67D}.Release|Any CPU.ActiveCfg = Release|Any CPU
		{BA4C455F-E3AF-4AF7-913F-FADA38DCA67D}.Release|Any CPU.Build.0 = Release|Any CPU
		{72323180-CF36-49B4-8664-41580D21B7F6}.Debug|Any CPU.ActiveCfg = Debug|Any CPU
		{72323180-CF36-49B4-8664-41580D21B7F6}.Debug|Any CPU.Build.0 = Debug|Any CPU
		{72323180-CF36-49B4-8664-41580D21B7F6}.Release|Any CPU.ActiveCfg = Release|Any CPU
		{72323180-CF36-49B4-8664-41580D21B7F6}.Release|Any CPU.Build.0 = Release|Any CPU
	EndGlobalSection
	GlobalSection(SolutionProperties) = preSolution
		HideSolutionNode = FALSE
	EndGlobalSection
	GlobalSection(ExtensibilityGlobals) = postSolution
		SolutionGuid = {40C94323-C42B-47C7-8B5C-6F322FE781A6}
	EndGlobalSection
EndGlobal
